version = 1
revision = 3
requires-python = "==3.10"

[[package]]
name = "apscheduler"
version = "3.10.1"
source = { registry = "https://pypi.org/simple" }
dependencies = [
    { name = "pytz" },
    { name = "setuptools" },
    { name = "six" },
    { name = "tzlocal" },
]
sdist = { url = "https://files.pythonhosted.org/packages/ea/ed/f1ad88e88208c24db80dcaae7a5a339bb283956984f8fa59933d2806413a/APScheduler-3.10.1.tar.gz", hash = "sha256:0293937d8f6051a0f493359440c1a1b93e882c57daf0197afeff0e727777b96e", size = 100376, upload-time = "2023-03-03T09:03:17.291Z" }
wheels = [
    { url = "https://files.pythonhosted.org/packages/d0/08/952d9570f4897dc2b30166fca5afd3a2cd19b3d408abdb470978484e8a09/APScheduler-3.10.1-py3-none-any.whl", hash = "sha256:e813ad5ada7aff36fb08cdda746b520531eaac7757832abc204868ba78e0c8f6", size = 59238, upload-time = "2023-03-03T09:03:15.589Z" },
]

[[package]]
name = "asgiref"
version = "3.9.1"
source = { registry = "https://pypi.org/simple" }
dependencies = [
    { name = "typing-extensions" },
]
sdist = { url = "https://files.pythonhosted.org/packages/90/61/0aa957eec22ff70b830b22ff91f825e70e1ef732c06666a805730f28b36b/asgiref-3.9.1.tar.gz", hash = "sha256:a5ab6582236218e5ef1648f242fd9f10626cfd4de8dc377db215d5d5098e3142", size = 36870, upload-time = "2025-07-08T09:07:43.344Z" }
wheels = [
    { url = "https://files.pythonhosted.org/packages/7c/3c/0464dcada90d5da0e71018c04a140ad6349558afb30b3051b4264cc5b965/asgiref-3.9.1-py3-none-any.whl", hash = "sha256:f3bba7092a48005b5f5bacd747d36ee4a5a61f4a269a6df590b43144355ebd2c", size = 23790, upload-time = "2025-07-08T09:07:41.548Z" },
]

[[package]]
name = "cashya-shoppy"
version = "0.1.0"
source = { virtual = "." }
dependencies = [
    { name = "django" },
    { name = "django-admin-sortable2" },
    { name = "django-cors-headers" },
    { name = "django-phonenumber-field" },
    { name = "djangorestframework" },
    { name = "djangorestframework-simplejwt" },
    { name = "gunicorn" },
    { name = "paytm-pg" },
    { name = "paytmchecksum" },
    { name = "phonenumbers" },
    { name = "phonepe-sdk" },
    { name = "pillow" },
    { name = "pyotp" },
    { name = "python-dotenv" },
    { name = "qrcode", extra = ["pil"] },
    { name = "razorpay" },
    { name = "requests" },
    { name = "whitenoise" },
]

[package.dev-dependencies]
dev = [
    { name = "debugpy" },
]

[package.metadata]
requires-dist = [
    { name = "django", specifier = ">=5.2.6" },
    { name = "django-admin-sortable2", specifier = ">=2.2.8" },
    { name = "django-cors-headers", specifier = ">=4.9.0" },
    { name = "django-phonenumber-field", specifier = ">=8.1.0" },
    { name = "djangorestframework", specifier = ">=3.16.1" },
    { name = "djangorestframework-simplejwt", specifier = ">=5.5.1" },
    { name = "gunicorn", specifier = ">=23.0.0" },
    { name = "paytm-pg", specifier = ">=1.1.2" },
    { name = "paytmchecksum", specifier = ">=1.7.0" },
    { name = "phonenumbers", specifier = ">=9.0.14" },
    { name = "phonepe-sdk", specifier = "==1.1.0", index = "https://phonepe.mycloudrepo.io/public/repositories/phonepe-pg-sdk-python" },
    { name = "pillow", specifier = ">=11.3.0" },
    { name = "pyotp", specifier = ">=2.9.0" },
    { name = "python-dotenv", specifier = ">=1.1.1" },
    { name = "qrcode", extras = ["pil"], specifier = ">=8.2" },
    { name = "razorpay", specifier = ">=1.4.2" },
    { name = "requests", specifier = "==2.31.0" },
    { name = "whitenoise", specifier = ">=6.11.0" },
]

[package.metadata.requires-dev]
dev = [{ name = "debugpy", specifier = ">=1.8.17" }]

[[package]]
name = "certifi"
version = "2025.8.3"
source = { registry = "https://pypi.org/simple" }
sdist = { url = "https://files.pythonhosted.org/packages/dc/67/960ebe6bf230a96cda2e0abcf73af550ec4f090005363542f0765df162e0/certifi-2025.8.3.tar.gz", hash = "sha256:e564105f78ded564e3ae7c923924435e1daa7463faeab5bb932bc53ffae63407", size = 162386, upload-time = "2025-08-03T03:07:47.08Z" }
wheels = [
    { url = "https://files.pythonhosted.org/packages/e5/48/1549795ba7742c948d2ad169c1c8cdbae65bc450d6cd753d124b17c8cd32/certifi-2025.8.3-py3-none-any.whl", hash = "sha256:f6c12493cfb1b06ba2ff328595af9350c65d6644968e5d3a2ffd78699af217a5", size = 161216, upload-time = "2025-08-03T03:07:45.777Z" },
]

[[package]]
name = "charset-normalizer"
version = "3.4.3"
source = { registry = "https://pypi.org/simple" }
sdist = { url = "https://files.pythonhosted.org/packages/83/2d/5fd176ceb9b2fc619e63405525573493ca23441330fcdaee6bef9460e924/charset_normalizer-3.4.3.tar.gz", hash = "sha256:6fce4b8500244f6fcb71465d4a4930d132ba9ab8e71a7859e6a5d59851068d14", size = 122371, upload-time = "2025-08-09T07:57:28.46Z" }
wheels = [
    { url = "https://files.pythonhosted.org/packages/d6/98/f3b8013223728a99b908c9344da3aa04ee6e3fa235f19409033eda92fb78/charset_normalizer-3.4.3-cp310-cp310-macosx_10_9_universal2.whl", hash = "sha256:fb7f67a1bfa6e40b438170ebdc8158b78dc465a5a67b6dde178a46987b244a72", size = 207695, upload-time = "2025-08-09T07:55:36.452Z" },
    { url = "https://files.pythonhosted.org/packages/21/40/5188be1e3118c82dcb7c2a5ba101b783822cfb413a0268ed3be0468532de/charset_normalizer-3.4.3-cp310-cp310-manylinux2014_aarch64.manylinux_2_17_aarch64.manylinux_2_28_aarch64.whl", hash = "sha256:cc9370a2da1ac13f0153780040f465839e6cccb4a1e44810124b4e22483c93fe", size = 147153, upload-time = "2025-08-09T07:55:38.467Z" },
    { url = "https://files.pythonhosted.org/packages/37/60/5d0d74bc1e1380f0b72c327948d9c2aca14b46a9efd87604e724260f384c/charset_normalizer-3.4.3-cp310-cp310-manylinux2014_ppc64le.manylinux_2_17_ppc64le.manylinux_2_28_ppc64le.whl", hash = "sha256:07a0eae9e2787b586e129fdcbe1af6997f8d0e5abaa0bc98c0e20e124d67e601", size = 160428, upload-time = "2025-08-09T07:55:40.072Z" },
    { url = "https://files.pythonhosted.org/packages/85/9a/d891f63722d9158688de58d050c59dc3da560ea7f04f4c53e769de5140f5/charset_normalizer-3.4.3-cp310-cp310-manylinux2014_s390x.manylinux_2_17_s390x.manylinux_2_28_s390x.whl", hash = "sha256:74d77e25adda8581ffc1c720f1c81ca082921329452eba58b16233ab1842141c", size = 157627, upload-time = "2025-08-09T07:55:41.706Z" },
    { url = "https://files.pythonhosted.org/packages/65/1a/7425c952944a6521a9cfa7e675343f83fd82085b8af2b1373a2409c683dc/charset_normalizer-3.4.3-cp310-cp310-manylinux2014_x86_64.manylinux_2_17_x86_64.manylinux_2_28_x86_64.whl", hash = "sha256:d0e909868420b7049dafd3a31d45125b31143eec59235311fc4c57ea26a4acd2", size = 152388, upload-time = "2025-08-09T07:55:43.262Z" },
    { url = "https://files.pythonhosted.org/packages/f0/c9/a2c9c2a355a8594ce2446085e2ec97fd44d323c684ff32042e2a6b718e1d/charset_normalizer-3.4.3-cp310-cp310-musllinux_1_2_aarch64.whl", hash = "sha256:c6f162aabe9a91a309510d74eeb6507fab5fff92337a15acbe77753d88d9dcf0", size = 150077, upload-time = "2025-08-09T07:55:44.903Z" },
    { url = "https://files.pythonhosted.org/packages/3b/38/20a1f44e4851aa1c9105d6e7110c9d020e093dfa5836d712a5f074a12bf7/charset_normalizer-3.4.3-cp310-cp310-musllinux_1_2_ppc64le.whl", hash = "sha256:4ca4c094de7771a98d7fbd67d9e5dbf1eb73efa4f744a730437d8a3a5cf994f0", size = 161631, upload-time = "2025-08-09T07:55:46.346Z" },
    { url = "https://files.pythonhosted.org/packages/a4/fa/384d2c0f57edad03d7bec3ebefb462090d8905b4ff5a2d2525f3bb711fac/charset_normalizer-3.4.3-cp310-cp310-musllinux_1_2_s390x.whl", hash = "sha256:02425242e96bcf29a49711b0ca9f37e451da7c70562bc10e8ed992a5a7a25cc0", size = 159210, upload-time = "2025-08-09T07:55:47.539Z" },
    { url = "https://files.pythonhosted.org/packages/33/9e/eca49d35867ca2db336b6ca27617deed4653b97ebf45dfc21311ce473c37/charset_normalizer-3.4.3-cp310-cp310-musllinux_1_2_x86_64.whl", hash = "sha256:78deba4d8f9590fe4dae384aeff04082510a709957e968753ff3c48399f6f92a", size = 153739, upload-time = "2025-08-09T07:55:48.744Z" },
    { url = "https://files.pythonhosted.org/packages/2a/91/26c3036e62dfe8de8061182d33be5025e2424002125c9500faff74a6735e/charset_normalizer-3.4.3-cp310-cp310-win32.whl", hash = "sha256:d79c198e27580c8e958906f803e63cddb77653731be08851c7df0b1a14a8fc0f", size = 99825, upload-time = "2025-08-09T07:55:50.305Z" },
    { url = "https://files.pythonhosted.org/packages/e2/c6/f05db471f81af1fa01839d44ae2a8bfeec8d2a8b4590f16c4e7393afd323/charset_normalizer-3.4.3-cp310-cp310-win_amd64.whl", hash = "sha256:c6e490913a46fa054e03699c70019ab869e990270597018cef1d8562132c2669", size = 107452, upload-time = "2025-08-09T07:55:51.461Z" },
    { url = "https://files.pythonhosted.org/packages/8a/1f/f041989e93b001bc4e44bb1669ccdcf54d3f00e628229a85b08d330615c5/charset_normalizer-3.4.3-py3-none-any.whl", hash = "sha256:ce571ab16d890d23b5c278547ba694193a45011ff86a9162a71307ed9f86759a", size = 53175, upload-time = "2025-08-09T07:57:26.864Z" },
]

[[package]]
name = "colorama"
version = "0.4.6"
source = { registry = "https://pypi.org/simple" }
sdist = { url = "https://files.pythonhosted.org/packages/d8/53/6f443c9a4a8358a93a6792e2acffb9d9d5cb0a5cfd8802644b7b1c9a02e4/colorama-0.4.6.tar.gz", hash = "sha256:08695f5cb7ed6e0531a20572697297273c47b8cae5a63ffc6d6ed5c201be6e44", size = 27697, upload-time = "2022-10-25T02:36:22.414Z" }
wheels = [
    { url = "https://files.pythonhosted.org/packages/d1/d6/3965ed04c63042e047cb6a3e6ed1a63a35087b6a609aa3a15ed8ac56c221/colorama-0.4.6-py2.py3-none-any.whl", hash = "sha256:4f1d9991f5acc0ca119f9d443620b77f9d6b33703e51011c16baf57afb285fc6", size = 25335, upload-time = "2022-10-25T02:36:20.889Z" },
]

[[package]]
name = "dataclasses-json"
version = "0.5.8"
source = { registry = "https://pypi.org/simple" }
dependencies = [
    { name = "marshmallow" },
    { name = "marshmallow-enum" },
    { name = "typing-inspect" },
]
sdist = { url = "https://files.pythonhosted.org/packages/ed/63/10cdc14908f3c9fdb9c21631275d2805853f6156b761a391e6f8918377e1/dataclasses-json-0.5.8.tar.gz", hash = "sha256:6572ac08ad9340abcb74fd8c4c8e9752db2a182a402c8e871d0a8aa119e3804e", size = 44113, upload-time = "2023-06-11T18:43:30.605Z" }
wheels = [
    { url = "https://files.pythonhosted.org/packages/ae/bc/892e03650133583d5babbb7c7e5c1be6b68df86829c91fdc30cca996630d/dataclasses_json-0.5.8-py3-none-any.whl", hash = "sha256:65b167c15fdf9bde27569c09ac18dd39bf1cc5b7998525024cb4678d2653946c", size = 26211, upload-time = "2023-06-11T18:43:28.304Z" },
]

[[package]]
name = "debugpy"
version = "1.8.17"
source = { registry = "https://pypi.org/simple" }
sdist = { url = "https://files.pythonhosted.org/packages/15/ad/71e708ff4ca377c4230530d6a7aa7992592648c122a2cd2b321cf8b35a76/debugpy-1.8.17.tar.gz", hash = "sha256:fd723b47a8c08892b1a16b2c6239a8b96637c62a59b94bb5dab4bac592a58a8e", size = 1644129, upload-time = "2025-09-17T16:33:20.633Z" }
wheels = [
    { url = "https://files.pythonhosted.org/packages/38/36/b57c6e818d909f6e59c0182252921cf435e0951126a97e11de37e72ab5e1/debugpy-1.8.17-cp310-cp310-macosx_15_0_x86_64.whl", hash = "sha256:c41d2ce8bbaddcc0009cc73f65318eedfa3dbc88a8298081deb05389f1ab5542", size = 2098021, upload-time = "2025-09-17T16:33:22.556Z" },
    { url = "https://files.pythonhosted.org/packages/be/01/0363c7efdd1e9febd090bb13cee4fb1057215b157b2979a4ca5ccb678217/debugpy-1.8.17-cp310-cp310-manylinux_2_34_x86_64.whl", hash = "sha256:1440fd514e1b815edd5861ca394786f90eb24960eb26d6f7200994333b1d79e3", size = 3087399, upload-time = "2025-09-17T16:33:24.292Z" },
    { url = "https://files.pythonhosted.org/packages/79/bc/4a984729674aa9a84856650438b9665f9a1d5a748804ac6f37932ce0d4aa/debugpy-1.8.17-cp310-cp310-win32.whl", hash = "sha256:3a32c0af575749083d7492dc79f6ab69f21b2d2ad4cd977a958a07d5865316e4", size = 5230292, upload-time = "2025-09-17T16:33:26.137Z" },
    { url = "https://files.pythonhosted.org/packages/5d/19/2b9b3092d0cf81a5aa10c86271999453030af354d1a5a7d6e34c574515d7/debugpy-1.8.17-cp310-cp310-win_amd64.whl", hash = "sha256:a3aad0537cf4d9c1996434be68c6c9a6d233ac6f76c2a482c7803295b4e4f99a", size = 5261885, upload-time = "2025-09-17T16:33:27.592Z" },
    { url = "https://files.pythonhosted.org/packages/b0/d0/89247ec250369fc76db477720a26b2fce7ba079ff1380e4ab4529d2fe233/debugpy-1.8.17-py2.py3-none-any.whl", hash = "sha256:60c7dca6571efe660ccb7a9508d73ca14b8796c4ed484c2002abba714226cfef", size = 5283210, upload-time = "2025-09-17T16:34:25.835Z" },
]

[[package]]
name = "django"
version = "5.2.6"
source = { registry = "https://pypi.org/simple" }
dependencies = [
    { name = "asgiref" },
    { name = "sqlparse" },
    { name = "tzdata", marker = "sys_platform == 'win32'" },
]
sdist = { url = "https://files.pythonhosted.org/packages/4c/8c/2a21594337250a171d45dda926caa96309d5136becd1f48017247f9cdea0/django-5.2.6.tar.gz", hash = "sha256:da5e00372763193d73cecbf71084a3848458cecf4cee36b9a1e8d318d114a87b", size = 10858861, upload-time = "2025-09-03T13:04:03.23Z" }
wheels = [
    { url = "https://files.pythonhosted.org/packages/f5/af/6593f6d21404e842007b40fdeb81e73c20b6649b82d020bb0801b270174c/django-5.2.6-py3-none-any.whl", hash = "sha256:60549579b1174a304b77e24a93d8d9fafe6b6c03ac16311f3e25918ea5a20058", size = 8303111, upload-time = "2025-09-03T13:03:47.808Z" },
]

[[package]]
name = "django-admin-sortable2"
version = "2.2.8"
source = { registry = "https://pypi.org/simple" }
dependencies = [
    { name = "django" },
]
sdist = { url = "https://files.pythonhosted.org/packages/d4/76/8af26a825442fb33688c820cf79e4b769d8c4b976a2ddaa7434b96706e05/django_admin_sortable2-2.2.8.tar.gz", hash = "sha256:59dfd7ced63e66adfb471b2a4d89ba3faae49c0148827047c8cf65759fc54c9e", size = 64599, upload-time = "2025-05-15T06:44:31.684Z" }
wheels = [
    { url = "https://files.pythonhosted.org/packages/8a/97/7d0b28f52027f36751cec372f0eaf3a5bc1be169a141818acece40628e04/django_admin_sortable2-2.2.8-py3-none-any.whl", hash = "sha256:b4cf66d75450b0f89c883d94b10e6133a4e7832c5bfed1568e3e71e400dc2b48", size = 90597, upload-time = "2025-05-15T06:44:30.649Z" },
]

[[package]]
name = "django-cors-headers"
version = "4.9.0"
source = { registry = "https://pypi.org/simple" }
dependencies = [
    { name = "asgiref" },
    { name = "django" },
]
sdist = { url = "https://files.pythonhosted.org/packages/21/39/55822b15b7ec87410f34cd16ce04065ff390e50f9e29f31d6d116fc80456/django_cors_headers-4.9.0.tar.gz", hash = "sha256:fe5d7cb59fdc2c8c646ce84b727ac2bca8912a247e6e68e1fb507372178e59e8", size = 21458, upload-time = "2025-09-18T10:40:52.326Z" }
wheels = [
    { url = "https://files.pythonhosted.org/packages/30/d8/19ed1e47badf477d17fb177c1c19b5a21da0fd2d9f093f23be3fb86c5fab/django_cors_headers-4.9.0-py3-none-any.whl", hash = "sha256:15c7f20727f90044dcee2216a9fd7303741a864865f0c3657e28b7056f61b449", size = 12809, upload-time = "2025-09-18T10:40:50.843Z" },
]

[[package]]
name = "django-phonenumber-field"
version = "8.1.0"
source = { registry = "https://pypi.org/simple" }
dependencies = [
    { name = "django" },
]
sdist = { url = "https://files.pythonhosted.org/packages/95/4b/edec2f3e4b8f8048540d7d1844bc576a0bdb711e1f6a4cde364c505c865d/django_phonenumber_field-8.1.0.tar.gz", hash = "sha256:f19450625574ad3a2de047c409527d0e57699496849e71e53b53e8679ff67b27", size = 43854, upload-time = "2025-04-10T16:09:29.363Z" }
wheels = [
    { url = "https://files.pythonhosted.org/packages/89/98/0413e47d7d1fab0e5a81eda6caacdcba69d50f74f64b65febf943cbd1f1e/django_phonenumber_field-8.1.0-py3-none-any.whl", hash = "sha256:9ba66873bf47401b13fc57797fbf85e785864a6bfdc8b9daa3a9012886567045", size = 65208, upload-time = "2025-04-10T16:09:27.843Z" },
]

[[package]]
name = "djangorestframework"
version = "3.16.1"
source = { registry = "https://pypi.org/simple" }
dependencies = [
    { name = "django" },
]
sdist = { url = "https://files.pythonhosted.org/packages/8a/95/5376fe618646fde6899b3cdc85fd959716bb67542e273a76a80d9f326f27/djangorestframework-3.16.1.tar.gz", hash = "sha256:166809528b1aced0a17dc66c24492af18049f2c9420dbd0be29422029cfc3ff7", size = 1089735, upload-time = "2025-08-06T17:50:53.251Z" }
wheels = [
    { url = "https://files.pythonhosted.org/packages/b0/ce/bf8b9d3f415be4ac5588545b5fcdbbb841977db1c1d923f7568eeabe1689/djangorestframework-3.16.1-py3-none-any.whl", hash = "sha256:33a59f47fb9c85ede792cbf88bde71893bcda0667bc573f784649521f1102cec", size = 1080442, upload-time = "2025-08-06T17:50:50.667Z" },
]

[[package]]
name = "djangorestframework-simplejwt"
version = "5.5.1"
source = { registry = "https://pypi.org/simple" }
dependencies = [
    { name = "django" },
    { name = "djangorestframework" },
    { name = "pyjwt" },
]
sdist = { url = "https://files.pythonhosted.org/packages/a8/27/2874a325c11112066139769f7794afae238a07ce6adf96259f08fd37a9d7/djangorestframework_simplejwt-5.5.1.tar.gz", hash = "sha256:e72c5572f51d7803021288e2057afcbd03f17fe11d484096f40a460abc76e87f", size = 101265, upload-time = "2025-07-21T16:52:25.026Z" }
wheels = [
    { url = "https://files.pythonhosted.org/packages/60/94/fdfb7b2f0b16cd3ed4d4171c55c1c07a2d1e3b106c5978c8ad0c15b4a48b/djangorestframework_simplejwt-5.5.1-py3-none-any.whl", hash = "sha256:2c30f3707053d384e9f315d11c2daccfcb548d4faa453111ca19a542b732e469", size = 107674, upload-time = "2025-07-21T16:52:07.493Z" },
]

[[package]]
name = "gunicorn"
version = "23.0.0"
source = { registry = "https://pypi.org/simple" }
dependencies = [
    { name = "packaging" },
]
sdist = { url = "https://files.pythonhosted.org/packages/34/72/9614c465dc206155d93eff0ca20d42e1e35afc533971379482de953521a4/gunicorn-23.0.0.tar.gz", hash = "sha256:f014447a0101dc57e294f6c18ca6b40227a4c90e9bdb586042628030cba004ec", size = 375031, upload-time = "2024-08-10T20:25:27.378Z" }
wheels = [
    { url = "https://files.pythonhosted.org/packages/cb/7d/6dac2a6e1eba33ee43f318edbed4ff29151a49b5d37f080aad1e6469bca4/gunicorn-23.0.0-py3-none-any.whl", hash = "sha256:ec400d38950de4dfd418cff8328b2c8faed0edb0d517d3394e457c317908ca4d", size = 85029, upload-time = "2024-08-10T20:25:24.996Z" },
]

[[package]]
name = "idna"
version = "3.10"
source = { registry = "https://pypi.org/simple" }
sdist = { url = "https://files.pythonhosted.org/packages/f1/70/7703c29685631f5a7590aa73f1f1d3fa9a380e654b86af429e0934a32f7d/idna-3.10.tar.gz", hash = "sha256:12f65c9b470abda6dc35cf8e63cc574b1c52b11df2c86030af0ac09b01b13ea9", size = 190490, upload-time = "2024-09-15T18:07:39.745Z" }
wheels = [
    { url = "https://files.pythonhosted.org/packages/76/c6/c88e154df9c4e1a2a66ccf0005a88dfb2650c1dffb6f5ce603dfbd452ce3/idna-3.10-py3-none-any.whl", hash = "sha256:946d195a0d259cbba61165e88e65941f16e9b36ea6ddb97f00452bae8b1287d3", size = 70442, upload-time = "2024-09-15T18:07:37.964Z" },
]

[[package]]
name = "marshmallow"
version = "3.26.1"
source = { registry = "https://pypi.org/simple" }
dependencies = [
    { name = "packaging" },
]
sdist = { url = "https://files.pythonhosted.org/packages/ab/5e/5e53d26b42ab75491cda89b871dab9e97c840bf12c63ec58a1919710cd06/marshmallow-3.26.1.tar.gz", hash = "sha256:e6d8affb6cb61d39d26402096dc0aee12d5a26d490a121f118d2e81dc0719dc6", size = 221825, upload-time = "2025-02-03T15:32:25.093Z" }
wheels = [
    { url = "https://files.pythonhosted.org/packages/34/75/51952c7b2d3873b44a0028b1bd26a25078c18f92f256608e8d1dc61b39fd/marshmallow-3.26.1-py3-none-any.whl", hash = "sha256:3350409f20a70a7e4e11a27661187b77cdcaeb20abca41c1454fe33636bea09c", size = 50878, upload-time = "2025-02-03T15:32:22.295Z" },
]

[[package]]
name = "marshmallow-enum"
version = "1.5.1"
source = { registry = "https://pypi.org/simple" }
dependencies = [
    { name = "marshmallow" },
]
sdist = { url = "https://files.pythonhosted.org/packages/8e/8c/ceecdce57dfd37913143087fffd15f38562a94f0d22823e3c66eac0dca31/marshmallow-enum-1.5.1.tar.gz", hash = "sha256:38e697e11f45a8e64b4a1e664000897c659b60aa57bfa18d44e226a9920b6e58", size = 4013, upload-time = "2019-08-21T01:07:46.254Z" }
wheels = [
    { url = "https://files.pythonhosted.org/packages/c6/59/ef3a3dc499be447098d4a89399beb869f813fee1b5a57d5d79dee2c1bf51/marshmallow_enum-1.5.1-py2.py3-none-any.whl", hash = "sha256:57161ab3dbfde4f57adeb12090f39592e992b9c86d206d02f6bd03ebec60f072", size = 4186, upload-time = "2019-08-21T01:07:44.814Z" },
]

[[package]]
name = "mypy-extensions"
version = "1.1.0"
source = { registry = "https://pypi.org/simple" }
sdist = { url = "https://files.pythonhosted.org/packages/a2/6e/371856a3fb9d31ca8dac321cda606860fa4548858c0cc45d9d1d4ca2628b/mypy_extensions-1.1.0.tar.gz", hash = "sha256:52e68efc3284861e772bbcd66823fde5ae21fd2fdb51c62a211403730b916558", size = 6343, upload-time = "2025-04-22T14:54:24.164Z" }
wheels = [
    { url = "https://files.pythonhosted.org/packages/79/7b/2c79738432f5c924bef5071f933bcc9efd0473bac3b4aa584a6f7c1c8df8/mypy_extensions-1.1.0-py3-none-any.whl", hash = "sha256:1be4cccdb0f2482337c4743e60421de3a356cd97508abadd57d47403e94f5505", size = 4963, upload-time = "2025-04-22T14:54:22.983Z" },
]

[[package]]
name = "packaging"
version = "25.0"
source = { registry = "https://pypi.org/simple" }
sdist = { url = "https://files.pythonhosted.org/packages/a1/d4/1fc4078c65507b51b96ca8f8c3ba19e6a61c8253c72794544580a7b6c24d/packaging-25.0.tar.gz", hash = "sha256:d443872c98d677bf60f6a1f2f8c1cb748e8fe762d2bf9d3148b5599295b0fc4f", size = 165727, upload-time = "2025-04-19T11:48:59.673Z" }
wheels = [
    { url = "https://files.pythonhosted.org/packages/20/12/38679034af332785aac8774540895e234f4d07f7545804097de4b666afd8/packaging-25.0-py3-none-any.whl", hash = "sha256:29572ef2b1f17581046b3a2227d5c611fb25ec70ca1ba8554b24b0e69331a484", size = 66469, upload-time = "2025-04-19T11:48:57.875Z" },
]

[[package]]
name = "paytm-pg"
version = "1.1.2"
source = { registry = "https://pypi.org/simple" }
dependencies = [
    { name = "pycryptodome" },
    { name = "requests" },
]
sdist = { url = "https://files.pythonhosted.org/packages/43/da/4bf8833e8ddeaa35bd1aa82295c7e0b006cbcc7d12e28805f51e336126b5/paytm_pg-1.1.2.tar.gz", hash = "sha256:3634b7ae1fe76b0bc8377822b7dc2dcac78d8522007bf783d244ab05b5b5ab5d", size = 20881, upload-time = "2025-01-08T07:06:55.65Z" }

[[package]]
name = "paytmchecksum"
version = "1.7.0"
source = { registry = "https://pypi.org/simple" }
sdist = { url = "https://files.pythonhosted.org/packages/4b/76/8c27997115708fc4000bd500f1c6c7537d001614ede5eb4b342e2da8cc42/paytmchecksum-1.7.0.tar.gz", hash = "sha256:a8866eb98891d86d4b089ece3a2fce22fd960ba2d27cf8679e3c07a17e9349cd", size = 2135, upload-time = "2020-07-03T04:15:23.388Z" }

[[package]]
name = "phonenumbers"
version = "9.0.14"
source = { registry = "https://pypi.org/simple" }
sdist = { url = "https://files.pythonhosted.org/packages/e6/ef/1e213640c1943094f001daaa48c2d9ff12c137466fd4be36802f6ea7ece3/phonenumbers-9.0.14.tar.gz", hash = "sha256:98afb3e86bf9ae02cc7c98ca44fa8827babb72842f90da9884c5d998937572ae", size = 2298072, upload-time = "2025-09-16T06:04:54.845Z" }
wheels = [
    { url = "https://files.pythonhosted.org/packages/04/36/bd4ef88378beb8303fd3d7be28a4847d14fb977210544a3567821a1d79e9/phonenumbers-9.0.14-py2.py3-none-any.whl", hash = "sha256:6bdf5c46dbfefa1d941d122432d1958418d1dfe3f8c8c81d4c8e80f5442ea41f", size = 2583932, upload-time = "2025-09-16T06:04:47.046Z" },
]

[[package]]
name = "phonepe-sdk"
version = "1.1.0"
source = { registry = "https://phonepe.mycloudrepo.io/public/repositories/phonepe-pg-sdk-python" }
dependencies = [
    { name = "apscheduler" },
    { name = "dataclasses-json" },
    { name = "pycryptodome" },
    { name = "requests" },
    { name = "urllib3" },
]
sdist = { url = "https://phonepe.mycloudrepo.io/public/repositories/phonepe-pg-sdk-python/phonepe-sdk/phonepe_sdk-1.1.0.tar.gz" }
wheels = [
    { url = "https://phonepe.mycloudrepo.io/public/repositories/phonepe-pg-sdk-python/phonepe-sdk/phonepe_sdk-1.1.0-py3-none-any.whl" },
]

[[package]]
name = "pillow"
version = "11.3.0"
source = { registry = "https://pypi.org/simple" }
sdist = { url = "https://files.pythonhosted.org/packages/f3/0d/d0d6dea55cd152ce3d6767bb38a8fc10e33796ba4ba210cbab9354b6d238/pillow-11.3.0.tar.gz", hash = "sha256:3828ee7586cd0b2091b6209e5ad53e20d0649bbe87164a459d0676e035e8f523", size = 47113069, upload-time = "2025-07-01T09:16:30.666Z" }
wheels = [
    { url = "https://files.pythonhosted.org/packages/4c/5d/45a3553a253ac8763f3561371432a90bdbe6000fbdcf1397ffe502aa206c/pillow-11.3.0-cp310-cp310-macosx_10_10_x86_64.whl", hash = "sha256:1b9c17fd4ace828b3003dfd1e30bff24863e0eb59b535e8f80194d9cc7ecf860", size = 5316554, upload-time = "2025-07-01T09:13:39.342Z" },
    { url = "https://files.pythonhosted.org/packages/7c/c8/67c12ab069ef586a25a4a79ced553586748fad100c77c0ce59bb4983ac98/pillow-11.3.0-cp310-cp310-macosx_11_0_arm64.whl", hash = "sha256:65dc69160114cdd0ca0f35cb434633c75e8e7fad4cf855177a05bf38678f73ad", size = 4686548, upload-time = "2025-07-01T09:13:41.835Z" },
    { url = "https://files.pythonhosted.org/packages/2f/bd/6741ebd56263390b382ae4c5de02979af7f8bd9807346d068700dd6d5cf9/pillow-11.3.0-cp310-cp310-manylinux2014_aarch64.manylinux_2_17_aarch64.whl", hash = "sha256:7107195ddc914f656c7fc8e4a5e1c25f32e9236ea3ea860f257b0436011fddd0", size = 5859742, upload-time = "2025-07-03T13:09:47.439Z" },
    { url = "https://files.pythonhosted.org/packages/ca/0b/c412a9e27e1e6a829e6ab6c2dca52dd563efbedf4c9c6aa453d9a9b77359/pillow-11.3.0-cp310-cp310-manylinux2014_x86_64.manylinux_2_17_x86_64.whl", hash = "sha256:cc3e831b563b3114baac7ec2ee86819eb03caa1a2cef0b481a5675b59c4fe23b", size = 7633087, upload-time = "2025-07-03T13:09:51.796Z" },
    { url = "https://files.pythonhosted.org/packages/59/9d/9b7076aaf30f5dd17e5e5589b2d2f5a5d7e30ff67a171eb686e4eecc2adf/pillow-11.3.0-cp310-cp310-manylinux_2_27_aarch64.manylinux_2_28_aarch64.whl", hash = "sha256:f1f182ebd2303acf8c380a54f615ec883322593320a9b00438eb842c1f37ae50", size = 5963350, upload-time = "2025-07-01T09:13:43.865Z" },
    { url = "https://files.pythonhosted.org/packages/f0/16/1a6bf01fb622fb9cf5c91683823f073f053005c849b1f52ed613afcf8dae/pillow-11.3.0-cp310-cp310-manylinux_2_27_x86_64.manylinux_2_28_x86_64.whl", hash = "sha256:4445fa62e15936a028672fd48c4c11a66d641d2c05726c7ec1f8ba6a572036ae", size = 6631840, upload-time = "2025-07-01T09:13:46.161Z" },
    { url = "https://files.pythonhosted.org/packages/7b/e6/6ff7077077eb47fde78739e7d570bdcd7c10495666b6afcd23ab56b19a43/pillow-11.3.0-cp310-cp310-musllinux_1_2_aarch64.whl", hash = "sha256:71f511f6b3b91dd543282477be45a033e4845a40278fa8dcdbfdb07109bf18f9", size = 6074005, upload-time = "2025-07-01T09:13:47.829Z" },
    { url = "https://files.pythonhosted.org/packages/c3/3a/b13f36832ea6d279a697231658199e0a03cd87ef12048016bdcc84131601/pillow-11.3.0-cp310-cp310-musllinux_1_2_x86_64.whl", hash = "sha256:040a5b691b0713e1f6cbe222e0f4f74cd233421e105850ae3b3c0ceda520f42e", size = 6708372, upload-time = "2025-07-01T09:13:52.145Z" },
    { url = "https://files.pythonhosted.org/packages/6c/e4/61b2e1a7528740efbc70b3d581f33937e38e98ef3d50b05007267a55bcb2/pillow-11.3.0-cp310-cp310-win32.whl", hash = "sha256:89bd777bc6624fe4115e9fac3352c79ed60f3bb18651420635f26e643e3dd1f6", size = 6277090, upload-time = "2025-07-01T09:13:53.915Z" },
    { url = "https://files.pythonhosted.org/packages/a9/d3/60c781c83a785d6afbd6a326ed4d759d141de43aa7365725cbcd65ce5e54/pillow-11.3.0-cp310-cp310-win_amd64.whl", hash = "sha256:19d2ff547c75b8e3ff46f4d9ef969a06c30ab2d4263a9e287733aa8b2429ce8f", size = 6985988, upload-time = "2025-07-01T09:13:55.699Z" },
    { url = "https://files.pythonhosted.org/packages/9f/28/4f4a0203165eefb3763939c6789ba31013a2e90adffb456610f30f613850/pillow-11.3.0-cp310-cp310-win_arm64.whl", hash = "sha256:819931d25e57b513242859ce1876c58c59dc31587847bf74cfe06b2e0cb22d2f", size = 2422899, upload-time = "2025-07-01T09:13:57.497Z" },
    { url = "https://files.pythonhosted.org/packages/6f/8b/209bd6b62ce8367f47e68a218bffac88888fdf2c9fcf1ecadc6c3ec1ebc7/pillow-11.3.0-pp310-pypy310_pp73-macosx_10_15_x86_64.whl", hash = "sha256:3cee80663f29e3843b68199b9d6f4f54bd1d4a6b59bdd91bceefc51238bcb967", size = 5270556, upload-time = "2025-07-01T09:16:09.961Z" },
    { url = "https://files.pythonhosted.org/packages/2e/e6/231a0b76070c2cfd9e260a7a5b504fb72da0a95279410fa7afd99d9751d6/pillow-11.3.0-pp310-pypy310_pp73-macosx_11_0_arm64.whl", hash = "sha256:b5f56c3f344f2ccaf0dd875d3e180f631dc60a51b314295a3e681fe8cf851fbe", size = 4654625, upload-time = "2025-07-01T09:16:11.913Z" },
    { url = "https://files.pythonhosted.org/packages/13/f4/10cf94fda33cb12765f2397fc285fa6d8eb9c29de7f3185165b702fc7386/pillow-11.3.0-pp310-pypy310_pp73-manylinux2014_aarch64.manylinux_2_17_aarch64.whl", hash = "sha256:e67d793d180c9df62f1f40aee3accca4829d3794c95098887edc18af4b8b780c", size = 4874207, upload-time = "2025-07-03T13:11:10.201Z" },
    { url = "https://files.pythonhosted.org/packages/72/c9/583821097dc691880c92892e8e2d41fe0a5a3d6021f4963371d2f6d57250/pillow-11.3.0-pp310-pypy310_pp73-manylinux2014_x86_64.manylinux_2_17_x86_64.whl", hash = "sha256:d000f46e2917c705e9fb93a3606ee4a819d1e3aa7a9b442f6444f07e77cf5e25", size = 6583939, upload-time = "2025-07-03T13:11:15.68Z" },
    { url = "https://files.pythonhosted.org/packages/3b/8e/5c9d410f9217b12320efc7c413e72693f48468979a013ad17fd690397b9a/pillow-11.3.0-pp310-pypy310_pp73-manylinux_2_27_aarch64.manylinux_2_28_aarch64.whl", hash = "sha256:527b37216b6ac3a12d7838dc3bd75208ec57c1c6d11ef01902266a5a0c14fc27", size = 4957166, upload-time = "2025-07-01T09:16:13.74Z" },
    { url = "https://files.pythonhosted.org/packages/62/bb/78347dbe13219991877ffb3a91bf09da8317fbfcd4b5f9140aeae020ad71/pillow-11.3.0-pp310-pypy310_pp73-manylinux_2_27_x86_64.manylinux_2_28_x86_64.whl", hash = "sha256:be5463ac478b623b9dd3937afd7fb7ab3d79dd290a28e2b6df292dc75063eb8a", size = 5581482, upload-time = "2025-07-01T09:16:16.107Z" },
    { url = "https://files.pythonhosted.org/packages/d9/28/1000353d5e61498aaeaaf7f1e4b49ddb05f2c6575f9d4f9f914a3538b6e1/pillow-11.3.0-pp310-pypy310_pp73-win_amd64.whl", hash = "sha256:8dc70ca24c110503e16918a658b869019126ecfe03109b754c402daff12b3d9f", size = 6984596, upload-time = "2025-07-01T09:16:18.07Z" },
]

[[package]]
name = "pycryptodome"
version = "3.18.0"
source = { registry = "https://pypi.org/simple" }
sdist = { url = "https://files.pythonhosted.org/packages/b9/05/0e7547c445bbbc96c538d870e6c5c5a69a9fa5df0a9df3e27cb126527196/pycryptodome-3.18.0.tar.gz", hash = "sha256:c9adee653fc882d98956e33ca2c1fb582e23a8af7ac82fee75bd6113c55a0413", size = 4639231, upload-time = "2023-05-19T06:28:24.468Z" }
wheels = [
    { url = "https://files.pythonhosted.org/packages/ea/a8/79c30c277edae8450c28a18b33f0499414f023b1f45b75c6ea5f738f0955/pycryptodome-3.18.0-cp35-abi3-macosx_10_9_universal2.whl", hash = "sha256:9ad6f09f670c466aac94a40798e0e8d1ef2aa04589c29faa5b9b97566611d1d1", size = 2405103, upload-time = "2023-05-19T06:27:19.713Z" },
    { url = "https://files.pythonhosted.org/packages/2c/bb/bfbb160bc50455767178192eed66dc595912ba24c09551fe908c5269019d/pycryptodome-3.18.0-cp35-abi3-macosx_10_9_x86_64.whl", hash = "sha256:53aee6be8b9b6da25ccd9028caf17dcdce3604f2c7862f5167777b707fbfb6cb", size = 1569361, upload-time = "2023-05-19T06:27:22.571Z" },
    { url = "https://files.pythonhosted.org/packages/0d/27/1fb1d3d7fe3e6af2586b7e4a4a24c687a1f5cacdd82e435fd62bd4fb6af0/pycryptodome-3.18.0-cp35-abi3-manylinux2014_aarch64.whl", hash = "sha256:10da29526a2a927c7d64b8f34592f461d92ae55fc97981aab5bbcde8cb465bb6", size = 2064262, upload-time = "2023-05-19T06:27:25.636Z" },
    { url = "https://files.pythonhosted.org/packages/40/88/89623388754162ddb82c62814ccbfdbfcc8ed9bd6d5f7412d2479bdca3a7/pycryptodome-3.18.0-cp35-abi3-manylinux_2_17_x86_64.manylinux2014_x86_64.whl", hash = "sha256:f21efb8438971aa16924790e1c3dba3a33164eb4000106a55baaed522c261acf", size = 2109656, upload-time = "2023-05-19T06:27:29.305Z" },
    { url = "https://files.pythonhosted.org/packages/02/93/4822844082b641e7d1983e4a7e8eb1fa4ed206d7af182404cd1cd7fb10d5/pycryptodome-3.18.0-cp35-abi3-manylinux_2_5_i686.manylinux1_i686.manylinux_2_17_i686.manylinux2014_i686.whl", hash = "sha256:4944defabe2ace4803f99543445c27dd1edbe86d7d4edb87b256476a91e9ffa4", size = 2138631, upload-time = "2023-05-19T06:27:34.436Z" },
    { url = "https://files.pythonhosted.org/packages/89/2b/4113d7124603ca258ba874633f1410760771c5313dfd73931fef4f272d63/pycryptodome-3.18.0-cp35-abi3-musllinux_1_1_aarch64.whl", hash = "sha256:51eae079ddb9c5f10376b4131be9589a6554f6fd84f7f655180937f611cd99a2", size = 2028572, upload-time = "2023-05-19T06:27:38.128Z" },
    { url = "https://files.pythonhosted.org/packages/38/ee/99d66c28b2baf40a68053191e4f99ffd62639000efe7cc799f75843164c4/pycryptodome-3.18.0-cp35-abi3-musllinux_1_1_i686.whl", hash = "sha256:83c75952dcf4a4cebaa850fa257d7a860644c70a7cd54262c237c9f2be26f76e", size = 2167475, upload-time = "2023-05-19T06:27:41.239Z" },
    { url = "https://files.pythonhosted.org/packages/92/d7/df2bf45a1bcc7f2983a22c05f77ecd04bb8252a734219b0a6f089121dfa3/pycryptodome-3.18.0-cp35-abi3-musllinux_1_1_x86_64.whl", hash = "sha256:957b221d062d5752716923d14e0926f47670e95fead9d240fa4d4862214b9b2f", size = 2130057, upload-time = "2023-05-19T06:27:44.421Z" },
    { url = "https://files.pythonhosted.org/packages/0f/26/7e4c213f49adc4b15d3518d6c6cc0e23f6234753303cdebbb8e22fb328fd/pycryptodome-3.18.0-cp35-abi3-win32.whl", hash = "sha256:795bd1e4258a2c689c0b1f13ce9684fa0dd4c0e08680dcf597cf9516ed6bc0f3", size = 1701304, upload-time = "2023-05-19T06:27:47.698Z" },
    { url = "https://files.pythonhosted.org/packages/3f/a1/72ad8fbeb2630e74fa89622ab24ec0ce46dc93dc172156f1a112eb76c014/pycryptodome-3.18.0-cp35-abi3-win_amd64.whl", hash = "sha256:b1d9701d10303eec8d0bd33fa54d44e67b8be74ab449052a8372f12a66f93fb9", size = 1734654, upload-time = "2023-05-19T06:27:50.312Z" },
]

[[package]]
name = "pyjwt"
version = "2.10.1"
source = { registry = "https://pypi.org/simple" }
sdist = { url = "https://files.pythonhosted.org/packages/e7/46/bd74733ff231675599650d3e47f361794b22ef3e3770998dda30d3b63726/pyjwt-2.10.1.tar.gz", hash = "sha256:3cc5772eb20009233caf06e9d8a0577824723b44e6648ee0a2aedb6cf9381953", size = 87785, upload-time = "2024-11-28T03:43:29.933Z" }
wheels = [
    { url = "https://files.pythonhosted.org/packages/61/ad/689f02752eeec26aed679477e80e632ef1b682313be70793d798c1d5fc8f/PyJWT-2.10.1-py3-none-any.whl", hash = "sha256:dcdd193e30abefd5debf142f9adfcdd2b58004e644f25406ffaebd50bd98dacb", size = 22997, upload-time = "2024-11-28T03:43:27.893Z" },
]

[[package]]
name = "pyotp"
version = "2.9.0"
source = { registry = "https://pypi.org/simple" }
sdist = { url = "https://files.pythonhosted.org/packages/f3/b2/1d5994ba2acde054a443bd5e2d384175449c7d2b6d1a0614dbca3a63abfc/pyotp-2.9.0.tar.gz", hash = "sha256:346b6642e0dbdde3b4ff5a930b664ca82abfa116356ed48cc42c7d6590d36f63", size = 17763, upload-time = "2023-07-27T23:41:03.295Z" }
wheels = [
    { url = "https://files.pythonhosted.org/packages/c3/c0/c33c8792c3e50193ef55adb95c1c3c2786fe281123291c2dbf0eaab95a6f/pyotp-2.9.0-py3-none-any.whl", hash = "sha256:81c2e5865b8ac55e825b0358e496e1d9387c811e85bb40e71a3b29b288963612", size = 13376, upload-time = "2023-07-27T23:41:01.685Z" },
]

[[package]]
name = "python-dotenv"
version = "1.1.1"
source = { registry = "https://pypi.org/simple" }
sdist = { url = "https://files.pythonhosted.org/packages/f6/b0/4bc07ccd3572a2f9df7e6782f52b0c6c90dcbb803ac4a167702d7d0dfe1e/python_dotenv-1.1.1.tar.gz", hash = "sha256:a8a6399716257f45be6a007360200409fce5cda2661e3dec71d23dc15f6189ab", size = 41978, upload-time = "2025-06-24T04:21:07.341Z" }
wheels = [
    { url = "https://files.pythonhosted.org/packages/5f/ed/539768cf28c661b5b068d66d96a2f155c4971a5d55684a514c1a0e0dec2f/python_dotenv-1.1.1-py3-none-any.whl", hash = "sha256:31f23644fe2602f88ff55e1f5c79ba497e01224ee7737937930c448e4d0e24dc", size = 20556, upload-time = "2025-06-24T04:21:06.073Z" },
]

[[package]]
name = "pytz"
version = "2025.2"
source = { registry = "https://pypi.org/simple" }
sdist = { url = "https://files.pythonhosted.org/packages/f8/bf/abbd3cdfb8fbc7fb3d4d38d320f2441b1e7cbe29be4f23797b4a2b5d8aac/pytz-2025.2.tar.gz", hash = "sha256:360b9e3dbb49a209c21ad61809c7fb453643e048b38924c765813546746e81c3", size = 320884, upload-time = "2025-03-25T02:25:00.538Z" }
wheels = [
    { url = "https://files.pythonhosted.org/packages/81/c4/34e93fe5f5429d7570ec1fa436f1986fb1f00c3e0f43a589fe2bbcd22c3f/pytz-2025.2-py2.py3-none-any.whl", hash = "sha256:5ddf76296dd8c44c26eb8f4b6f35488f3ccbf6fbbd7adee0b7262d43f0ec2f00", size = 509225, upload-time = "2025-03-25T02:24:58.468Z" },
]

[[package]]
name = "qrcode"
version = "8.2"
source = { registry = "https://pypi.org/simple" }
dependencies = [
    { name = "colorama", marker = "sys_platform == 'win32'" },
]
sdist = { url = "https://files.pythonhosted.org/packages/8f/b2/7fc2931bfae0af02d5f53b174e9cf701adbb35f39d69c2af63d4a39f81a9/qrcode-8.2.tar.gz", hash = "sha256:35c3f2a4172b33136ab9f6b3ef1c00260dd2f66f858f24d88418a015f446506c", size = 43317, upload-time = "2025-05-01T15:44:24.726Z" }
wheels = [
    { url = "https://files.pythonhosted.org/packages/dd/b8/d2d6d731733f51684bbf76bf34dab3b70a9148e8f2cef2bb544fccec681a/qrcode-8.2-py3-none-any.whl", hash = "sha256:16e64e0716c14960108e85d853062c9e8bba5ca8252c0b4d0231b9df4060ff4f", size = 45986, upload-time = "2025-05-01T15:44:22.781Z" },
]

[package.optional-dependencies]
pil = [
    { name = "pillow" },
]

[[package]]
name = "razorpay"
version = "1.4.2"
source = { registry = "https://pypi.org/simple" }
dependencies = [
    { name = "requests" },
]
sdist = { url = "https://files.pythonhosted.org/packages/97/fb/14d5baeffc5b812775bc34cb7d416aa090be6f5779c04aaf45d2ba17458b/razorpay-1.4.2.tar.gz", hash = "sha256:0d812030ba29e776e66d1ceaacc31635810fde18b66ff2591e582eb651bb5131", size = 194335, upload-time = "2024-03-19T12:12:08.904Z" }
wheels = [
    { url = "https://files.pythonhosted.org/packages/e9/3d/07a25e3c6f3d65a319da30300f055d946860e90f705c05bb39524dc46f30/razorpay-1.4.2-py3-none-any.whl", hash = "sha256:aaf525baebc5001e5c54ae317a372c3c17c81314cedcbbf71aa0a2d3419a9757", size = 174302, upload-time = "2024-03-19T12:12:06.883Z" },
]

[[package]]
name = "requests"
version = "2.31.0"
source = { registry = "https://pypi.org/simple" }
dependencies = [
    { name = "certifi" },
    { name = "charset-normalizer" },
    { name = "idna" },
    { name = "urllib3" },
]
sdist = { url = "https://files.pythonhosted.org/packages/9d/be/10918a2eac4ae9f02f6cfe6414b7a155ccd8f7f9d4380d62fd5b955065c3/requests-2.31.0.tar.gz", hash = "sha256:942c5a758f98d790eaed1a29cb6eefc7ffb0d1cf7af05c3d2791656dbd6ad1e1", size = 110794, upload-time = "2023-05-22T15:12:44.175Z" }
wheels = [
    { url = "https://files.pythonhosted.org/packages/70/8e/0e2d847013cb52cd35b38c009bb167a1a26b2ce6cd6965bf26b47bc0bf44/requests-2.31.0-py3-none-any.whl", hash = "sha256:58cd2187c01e70e6e26505bca751777aa9f2ee0b7f4300988b709f44e013003f", size = 62574, upload-time = "2023-05-22T15:12:42.313Z" },
]

[[package]]
name = "setuptools"
version = "80.9.0"
source = { registry = "https://pypi.org/simple" }
sdist = { url = "https://files.pythonhosted.org/packages/18/5d/3bf57dcd21979b887f014ea83c24ae194cfcd12b9e0fda66b957c69d1fca/setuptools-80.9.0.tar.gz", hash = "sha256:f36b47402ecde768dbfafc46e8e4207b4360c654f1f3bb84475f0a28628fb19c", size = 1319958, upload-time = "2025-05-27T00:56:51.443Z" }
wheels = [
    { url = "https://files.pythonhosted.org/packages/a3/dc/17031897dae0efacfea57dfd3a82fdd2a2aeb58e0ff71b77b87e44edc772/setuptools-80.9.0-py3-none-any.whl", hash = "sha256:062d34222ad13e0cc312a4c02d73f059e86a4acbfbdea8f8f76b28c99f306922", size = 1201486, upload-time = "2025-05-27T00:56:49.664Z" },
]

[[package]]
name = "six"
version = "1.17.0"
source = { registry = "https://pypi.org/simple" }
sdist = { url = "https://files.pythonhosted.org/packages/94/e7/b2c673351809dca68a0e064b6af791aa332cf192da575fd474ed7d6f16a2/six-1.17.0.tar.gz", hash = "sha256:ff70335d468e7eb6ec65b95b99d3a2836546063f63acc5171de367e834932a81", size = 34031, upload-time = "2024-12-04T17:35:28.174Z" }
wheels = [
    { url = "https://files.pythonhosted.org/packages/b7/ce/149a00dd41f10bc29e5921b496af8b574d8413afcd5e30dfa0ed46c2cc5e/six-1.17.0-py2.py3-none-any.whl", hash = "sha256:4721f391ed90541fddacab5acf947aa0d3dc7d27b2e1e8eda2be8970586c3274", size = 11050, upload-time = "2024-12-04T17:35:26.475Z" },
]

[[package]]
name = "sqlparse"
version = "0.5.3"
source = { registry = "https://pypi.org/simple" }
sdist = { url = "https://files.pythonhosted.org/packages/e5/40/edede8dd6977b0d3da179a342c198ed100dd2aba4be081861ee5911e4da4/sqlparse-0.5.3.tar.gz", hash = "sha256:09f67787f56a0b16ecdbde1bfc7f5d9c3371ca683cfeaa8e6ff60b4807ec9272", size = 84999, upload-time = "2024-12-10T12:05:30.728Z" }
wheels = [
    { url = "https://files.pythonhosted.org/packages/a9/5c/bfd6bd0bf979426d405cc6e71eceb8701b148b16c21d2dc3c261efc61c7b/sqlparse-0.5.3-py3-none-any.whl", hash = "sha256:cf2196ed3418f3ba5de6af7e82c694a9fbdbfecccdfc72e281548517081f16ca", size = 44415, upload-time = "2024-12-10T12:05:27.824Z" },
]

[[package]]
name = "typing-extensions"
version = "4.15.0"
source = { registry = "https://pypi.org/simple" }
sdist = { url = "https://files.pythonhosted.org/packages/72/94/1a15dd82efb362ac84269196e94cf00f187f7ed21c242792a923cdb1c61f/typing_extensions-4.15.0.tar.gz", hash = "sha256:0cea48d173cc12fa28ecabc3b837ea3cf6f38c6d1136f85cbaaf598984861466", size = 109391, upload-time = "2025-08-25T13:49:26.313Z" }
wheels = [
    { url = "https://files.pythonhosted.org/packages/18/67/36e9267722cc04a6b9f15c7f3441c2363321a3ea07da7ae0c0707beb2a9c/typing_extensions-4.15.0-py3-none-any.whl", hash = "sha256:f0fa19c6845758ab08074a0cfa8b7aecb71c999ca73d62883bc25cc018c4e548", size = 44614, upload-time = "2025-08-25T13:49:24.86Z" },
]

[[package]]
name = "typing-inspect"
version = "0.9.0"
source = { registry = "https://pypi.org/simple" }
dependencies = [
    { name = "mypy-extensions" },
    { name = "typing-extensions" },
]
sdist = { url = "https://files.pythonhosted.org/packages/dc/74/1789779d91f1961fa9438e9a8710cdae6bd138c80d7303996933d117264a/typing_inspect-0.9.0.tar.gz", hash = "sha256:b23fc42ff6f6ef6954e4852c1fb512cdd18dbea03134f91f856a95ccc9461f78", size = 13825, upload-time = "2023-05-24T20:25:47.612Z" }
wheels = [
    { url = "https://files.pythonhosted.org/packages/65/f3/107a22063bf27bdccf2024833d3445f4eea42b2e598abfbd46f6a63b6cb0/typing_inspect-0.9.0-py3-none-any.whl", hash = "sha256:9ee6fc59062311ef8547596ab6b955e1b8aa46242d854bfc78f4f6b0eff35f9f", size = 8827, upload-time = "2023-05-24T20:25:45.287Z" },
]

[[package]]
name = "tzdata"
version = "2025.2"
source = { registry = "https://pypi.org/simple" }
sdist = { url = "https://files.pythonhosted.org/packages/95/32/1a225d6164441be760d75c2c42e2780dc0873fe382da3e98a2e1e48361e5/tzdata-2025.2.tar.gz", hash = "sha256:b60a638fcc0daffadf82fe0f57e53d06bdec2f36c4df66280ae79bce6bd6f2b9", size = 196380, upload-time = "2025-03-23T13:54:43.652Z" }
wheels = [
    { url = "https://files.pythonhosted.org/packages/5c/23/c7abc0ca0a1526a0774eca151daeb8de62ec457e77262b66b359c3c7679e/tzdata-2025.2-py2.py3-none-any.whl", hash = "sha256:1a403fada01ff9221ca8044d701868fa132215d84beb92242d9acd2147f667a8", size = 347839, upload-time = "2025-03-23T13:54:41.845Z" },
]

[[package]]
name = "tzlocal"
version = "5.3.1"
source = { registry = "https://pypi.org/simple" }
dependencies = [
    { name = "tzdata", marker = "sys_platform == 'win32'" },
]
sdist = { url = "https://files.pythonhosted.org/packages/8b/2e/c14812d3d4d9cd1773c6be938f89e5735a1f11a9f184ac3639b93cef35d5/tzlocal-5.3.1.tar.gz", hash = "sha256:cceffc7edecefea1f595541dbd6e990cb1ea3d19bf01b2809f362a03dd7921fd", size = 30761, upload-time = "2025-03-05T21:17:41.549Z" }
wheels = [
    { url = "https://files.pythonhosted.org/packages/c2/14/e2a54fabd4f08cd7af1c07030603c3356b74da07f7cc056e600436edfa17/tzlocal-5.3.1-py3-none-any.whl", hash = "sha256:eb1a66c3ef5847adf7a834f1be0800581b683b5608e74f86ecbcef8ab91bb85d", size = 18026, upload-time = "2025-03-05T21:17:39.857Z" },
]

[[package]]
name = "urllib3"
version = "1.26.12"
source = { registry = "https://pypi.org/simple" }
sdist = { url = "https://files.pythonhosted.org/packages/b2/56/d87d6d3c4121c0bcec116919350ca05dc3afd2eeb7dc88d07e8083f8ea94/urllib3-1.26.12.tar.gz", hash = "sha256:3fa96cf423e6987997fc326ae8df396db2a8b7c667747d47ddd8ecba91f4a74e", size = 299806, upload-time = "2022-08-22T13:27:23.256Z" }
wheels = [
    { url = "https://files.pythonhosted.org/packages/6f/de/5be2e3eed8426f871b170663333a0f627fc2924cc386cd41be065e7ea870/urllib3-1.26.12-py2.py3-none-any.whl", hash = "sha256:b930dd878d5a8afb066a637fbb35144fe7901e3b209d1cd4f524bd0e9deee997", size = 140381, upload-time = "2022-08-22T13:27:19.719Z" },
]

[[package]]
name = "whitenoise"
version = "6.11.0"
source = { registry = "https://pypi.org/simple" }
sdist = { url = "https://files.pythonhosted.org/packages/15/95/8c81ec6b6ebcbf8aca2de7603070ccf37dbb873b03f20708e0f7c1664bc6/whitenoise-6.11.0.tar.gz", hash = "sha256:0f5bfce6061ae6611cd9396a8231e088722e4fc67bc13a111be74c738d99375f", size = 26432, upload-time = "2025-09-18T09:16:10.995Z" }
wheels = [
    { url = "https://files.pythonhosted.org/packages/6c/e9/4366332f9295fe0647d7d3251ce18f5615fbcb12d02c79a26f8dba9221b3/whitenoise-6.11.0-py3-none-any.whl", hash = "sha256:b2aeb45950597236f53b5342b3121c5de69c8da0109362aee506ce88e022d258", size = 20197, upload-time = "2025-09-18T09:16:09.754Z" },
]
